
Microsoft Visual Studio Solution File, Format Version 12.00
# Visual Studio Version 17
VisualStudioVersion = 17.14.36127.28 d17.14
MinimumVisualStudioVersion = 10.0.40219.1
Project("{FAE04EC0-301F-11D3-BF4B-00C04F79EFBC}") = "exo-parachute", "exo-parachute\exo-parachute.csproj", "{0D9FED9A-D4B9-452A-857B-0A72E8124868}"
EndProject
Global
	GlobalSection(SolutionConfigurationPlatforms) = preSolution
		Debug|Any CPU = Debug|Any CPU
		Release|Any CPU = Release|Any CPU
	EndGlobalSection
	GlobalSection(ProjectConfigurationPlatforms) = postSolution
		{0D9FED9A-D4B9-452A-857B-0A72E8124868}.Debug|Any CPU.ActiveCfg = Debug|Any CPU
		{0D9FED9A-D4B9-452A-857B-0A72E8124868}.Debug|Any CPU.Build.0 = Debug|Any CPU
		{0D9FED9A-D4B9-452A-857B-0A72E8124868}.Release|Any CPU.ActiveCfg = Release|Any CPU
		{0D9FED9A-D4B9-452A-857B-0A72E8124868}.Release|Any CPU.Build.0 = Release|Any CPU
	EndGlobalSection
	GlobalSection(SolutionProperties) = preSolution
		HideSolutionNode = FALSE
	EndGlobalSection
	GlobalSection(ExtensibilityGlobals) = postSolution
		SolutionGuid = {10EB5183-B1D6-450F-A72D-66C8ACEB41CB}
	EndGlobalSection
EndGlobal
